# This file was autogenerated by uv via the following command:
#    uv pip compile --group dev --extra rdf pyproject.toml -o requirements-dev.lock
build==1.3.0
    # via edugraph-py (pyproject.toml:dev)
colorama==0.4.6
    # via
    #   build
    #   pytest
iniconfig==2.3.0
    # via pytest
mypy==1.18.2
    # via edugraph-py (pyproject.toml:dev)
mypy-extensions==1.1.0
    # via mypy
packaging==26.3
    # via
    #   build
    #   pytest
pathspec==1.1.1
    # via mypy
pluggy==1.6.0
    # via pytest
pygments==2.21.0
    # via pytest
pyoxigraph==0.5.11
    # via edugraph-py (pyproject.toml)
pyproject-hooks==1.2.0
    # via build
pytest==8.4.2
    # via edugraph-py (pyproject.toml:dev)
ruff==0.13.2
    # via edugraph-py (pyproject.toml:dev)
typing-extensions==4.16.0
    # via mypy
